
Microsoft Visual Studio Solution File, Format Version 12.00
# Visual Studio Version 16
VisualStudioVersion = 16.0.29905.134
MinimumVisualStudioVersion = 10.0.40219.1
Project("{2150E333-8FDC-42A3-9474-1A3956D46DE8}") = "MicroServices", "MicroServices", "{6BB212EF-642A-4A32-A47D-239BFCF11669}"
EndProject
Project("{2150E333-8FDC-42A3-9474-1A3956D46DE8}") = "Domain", "Domain", "{9F9A7966-6A19-4228-BD11-1129376B37F7}"
EndProject
Project("{2150E333-8FDC-42A3-9474-1A3956D46DE8}") = "Infra.Bus", "Infra.Bus", "{38DA3148-DCE0-4B18-939D-538046148B0B}"
EndProject
Project("{2150E333-8FDC-42A3-9474-1A3956D46DE8}") = "Infra.IoC", "Infra.IoC", "{8D05126A-33B1-4417-A5B9-9098A51D0EA0}"
EndProject
Project("{2150E333-8FDC-42A3-9474-1A3956D46DE8}") = "Presentation", "Presentation", "{AD1D6FFB-9FB4-4042-B14F-93ABBFE2BC9C}"
EndProject
Project("{FAE04EC0-301F-11D3-BF4B-00C04F79EFBC}") = "MSARabbit.Domain.Core", "MSARabbit.Domain.Core\MSARabbit.Domain.Core.csproj", "{39D7FAE2-1543-49AF-913A-C9335EE07A04}"
EndProject
Project("{FAE04EC0-301F-11D3-BF4B-00C04F79EFBC}") = "MicroRabbit.Infra.Bus", "MicroRabbit.Infra.Bus\MicroRabbit.Infra.Bus.csproj", "{B3D38C2E-ED56-44C6-95BE-6A1C609B83F5}"
EndProject
Project("{FAE04EC0-301F-11D3-BF4B-00C04F79EFBC}") = "MicroRabbit.Infra.IoC", "MicroRabbit.Infra.IoC\MicroRabbit.Infra.IoC.csproj", "{788D6F31-EA36-4FBC-95B5-71618D238F77}"
EndProject
Global
	GlobalSection(SolutionConfigurationPlatforms) = preSolution
		Debug|Any CPU = Debug|Any CPU
		Release|Any CPU = Release|Any CPU
	EndGlobalSection
	GlobalSection(ProjectConfigurationPlatforms) = postSolution
		{39D7FAE2-1543-49AF-913A-C9335EE07A04}.Debug|Any CPU.ActiveCfg = Debug|Any CPU
		{39D7FAE2-1543-49AF-913A-C9335EE07A04}.Debug|Any CPU.Build.0 = Debug|Any CPU
		{39D7FAE2-1543-49AF-913A-C9335EE07A04}.Release|Any CPU.ActiveCfg = Release|Any CPU
		{39D7FAE2-1543-49AF-913A-C9335EE07A04}.Release|Any CPU.Build.0 = Release|Any CPU
		{B3D38C2E-ED56-44C6-95BE-6A1C609B83F5}.Debug|Any CPU.ActiveCfg = Debug|Any CPU
		{B3D38C2E-ED56-44C6-95BE-6A1C609B83F5}.Debug|Any CPU.Build.0 = Debug|Any CPU
		{B3D38C2E-ED56-44C6-95BE-6A1C609B83F5}.Release|Any CPU.ActiveCfg = Release|Any CPU
		{B3D38C2E-ED56-44C6-95BE-6A1C609B83F5}.Release|Any CPU.Build.0 = Release|Any CPU
		{788D6F31-EA36-4FBC-95B5-71618D238F77}.Debug|Any CPU.ActiveCfg = Debug|Any CPU
		{788D6F31-EA36-4FBC-95B5-71618D238F77}.Debug|Any CPU.Build.0 = Debug|Any CPU
		{788D6F31-EA36-4FBC-95B5-71618D238F77}.Release|Any CPU.ActiveCfg = Release|Any CPU
		{788D6F31-EA36-4FBC-95B5-71618D238F77}.Release|Any CPU.Build.0 = Release|Any CPU
	EndGlobalSection
	GlobalSection(SolutionProperties) = preSolution
		HideSolutionNode = FALSE
	EndGlobalSection
	GlobalSection(NestedProjects) = preSolution
		{39D7FAE2-1543-49AF-913A-C9335EE07A04} = {9F9A7966-6A19-4228-BD11-1129376B37F7}
		{B3D38C2E-ED56-44C6-95BE-6A1C609B83F5} = {38DA3148-DCE0-4B18-939D-538046148B0B}
		{788D6F31-EA36-4FBC-95B5-71618D238F77} = {8D05126A-33B1-4417-A5B9-9098A51D0EA0}
	EndGlobalSection
	GlobalSection(ExtensibilityGlobals) = postSolution
		SolutionGuid = {163C7851-BDC2-4B1B-832B-18E6441F7A57}
	EndGlobalSection
EndGlobal
